
Microsoft Visual Studio Solution File, Format Version 12.00
# Visual Studio Version 17
VisualStudioVersion = 17.7.34202.233
MinimumVisualStudioVersion = 10.0.40219.1
Project("{FAE04EC0-301F-11D3-BF4B-00C04F79EFBC}") = "PictureViewer", "PictureViewer\PictureViewer.csproj", "{0C6FC6BB-0A51-4328-8941-01B6F77ABEB5}"
EndProject
Global
	GlobalSection(SolutionConfigurationPlatforms) = preSolution
		Debug|Any CPU = Debug|Any CPU
		Release|Any CPU = Release|Any CPU
	EndGlobalSection
	GlobalSection(ProjectConfigurationPlatforms) = postSolution
		{0C6FC6BB-0A51-4328-8941-01B6F77ABEB5}.Debug|Any CPU.ActiveCfg = Debug|Any CPU
		{0C6FC6BB-0A51-4328-8941-01B6F77ABEB5}.Debug|Any CPU.Build.0 = Debug|Any CPU
		{0C6FC6BB-0A51-4328-8941-01B6F77ABEB5}.Release|Any CPU.ActiveCfg = Release|Any CPU
		{0C6FC6BB-0A51-4328-8941-01B6F77ABEB5}.Release|Any CPU.Build.0 = Release|Any CPU
	EndGlobalSection
	GlobalSection(SolutionProperties) = preSolution
		HideSolutionNode = FALSE
	EndGlobalSection
	GlobalSection(ExtensibilityGlobals) = postSolution
		SolutionGuid = {C43C21E3-31D9-4C21-958D-62E47564FEDB}
	EndGlobalSection
EndGlobal
